Microsoft Visual Studio Solution File, Format Version 8.00
Project("{8BC9CEB8-8B4A-11D0-8D11-00A0C91BC942}") = "example1", "example1.vcproj", "{9F04796C-8714-483D-9AC4-11BAF831CB0F}"
	ProjectSection(ProjectDependencies) = postProject
	EndProjectSection
EndProject
Global
	GlobalSection(SolutionConfiguration) = preSolution
		Debug = Debug
		Release = Release
	EndGlobalSection
	GlobalSection(ProjectConfiguration) = postSolution
		{9F04796C-8714-483D-9AC4-11BAF831CB0F}.Debug.ActiveCfg = Debug|Win32
		{9F04796C-8714-483D-9AC4-11BAF831CB0F}.Debug.Build.0 = Debug|Win32
		{9F04796C-8714-483D-9AC4-11BAF831CB0F}.Release.ActiveCfg = Release|Win32
		{9F04796C-8714-483D-9AC4-11BAF831CB0F}.Release.Build.0 = Release|Win32
	EndGlobalSection
	GlobalSection(ExtensibilityGlobals) = postSolution
	EndGlobalSection
	GlobalSection(ExtensibilityAddIns) = postSolution
	EndGlobalSection
EndGlobal
