Microsoft Visual Studio Solution File, Format Version 8.00
Project("{8BC9CEB8-8B4A-11D0-8D11-00A0C91BC942}") = "example2", "example2.vcproj", "{20E5D854-9935-41F4-B08F-C1F7FCE6F53E}"
	ProjectSection(ProjectDependencies) = postProject
	EndProjectSection
EndProject
Global
	GlobalSection(SolutionConfiguration) = preSolution
		Debug = Debug
		Release = Release
	EndGlobalSection
	GlobalSection(ProjectConfiguration) = postSolution
		{20E5D854-9935-41F4-B08F-C1F7FCE6F53E}.Debug.ActiveCfg = Debug|Win32
		{20E5D854-9935-41F4-B08F-C1F7FCE6F53E}.Debug.Build.0 = Debug|Win32
		{20E5D854-9935-41F4-B08F-C1F7FCE6F53E}.Release.ActiveCfg = Release|Win32
		{20E5D854-9935-41F4-B08F-C1F7FCE6F53E}.Release.Build.0 = Release|Win32
	EndGlobalSection
	GlobalSection(ExtensibilityGlobals) = postSolution
	EndGlobalSection
	GlobalSection(ExtensibilityAddIns) = postSolution
	EndGlobalSection
EndGlobal
