Microsoft Visual Studio Solution File, Format Version 8.00
Project("{8BC9CEB8-8B4A-11D0-8D11-00A0C91BC942}") = "example4", "example4.vcproj", "{1AC32D2E-DC90-41E4-B5AE-EEFF18FCF2CD}"
	ProjectSection(ProjectDependencies) = postProject
	EndProjectSection
EndProject
Global
	GlobalSection(SolutionConfiguration) = preSolution
		Debug = Debug
		Release = Release
	EndGlobalSection
	GlobalSection(ProjectConfiguration) = postSolution
		{1AC32D2E-DC90-41E4-B5AE-EEFF18FCF2CD}.Debug.ActiveCfg = Debug|Win32
		{1AC32D2E-DC90-41E4-B5AE-EEFF18FCF2CD}.Debug.Build.0 = Debug|Win32
		{1AC32D2E-DC90-41E4-B5AE-EEFF18FCF2CD}.Release.ActiveCfg = Release|Win32
		{1AC32D2E-DC90-41E4-B5AE-EEFF18FCF2CD}.Release.Build.0 = Release|Win32
	EndGlobalSection
	GlobalSection(ExtensibilityGlobals) = postSolution
	EndGlobalSection
	GlobalSection(ExtensibilityAddIns) = postSolution
	EndGlobalSection
EndGlobal
